
Microsoft Visual Studio Solution File, Format Version 12.00
# Visual Studio Version 17
VisualStudioVersion = 17.13.35818.85 d17.13
MinimumVisualStudioVersion = 10.0.40219.1
Project("{FAE04EC0-301F-11D3-BF4B-00C04F79EFBC}") = "Digity", "Digity.csproj", "{858B04B4-878D-42DC-B89B-AB000851CFD9}"
EndProject
Global
	GlobalSection(SolutionConfigurationPlatforms) = preSolution
		Debug|Any CPU = Debug|Any CPU
		Release|Any CPU = Release|Any CPU
	EndGlobalSection
	GlobalSection(ProjectConfigurationPlatforms) = postSolution
		{858B04B4-878D-42DC-B89B-AB000851CFD9}.Debug|Any CPU.ActiveCfg = Debug|Any CPU
		{858B04B4-878D-42DC-B89B-AB000851CFD9}.Debug|Any CPU.Build.0 = Debug|Any CPU
		{858B04B4-878D-42DC-B89B-AB000851CFD9}.Release|Any CPU.ActiveCfg = Release|Any CPU
		{858B04B4-878D-42DC-B89B-AB000851CFD9}.Release|Any CPU.Build.0 = Release|Any CPU
	EndGlobalSection
	GlobalSection(SolutionProperties) = preSolution
		HideSolutionNode = FALSE
	EndGlobalSection
	GlobalSection(ExtensibilityGlobals) = postSolution
		SolutionGuid = {6B18F6F2-60C5-4121-AD03-A8B03B36B575}
	EndGlobalSection
EndGlobal
