
Microsoft Visual Studio Solution File, Format Version 12.00
# Visual Studio Version 17
VisualStudioVersion = 17.11.35327.3
MinimumVisualStudioVersion = 10.0.40219.1
Project("{FAE04EC0-301F-11D3-BF4B-00C04F79EFBC}") = "kalkuládora", "kalkuládora.csproj", "{283DBB54-DFE8-43C4-A95E-752B20F0E34F}"
EndProject
Global
	GlobalSection(SolutionConfigurationPlatforms) = preSolution
		Debug|Any CPU = Debug|Any CPU
		Release|Any CPU = Release|Any CPU
	EndGlobalSection
	GlobalSection(ProjectConfigurationPlatforms) = postSolution
		{283DBB54-DFE8-43C4-A95E-752B20F0E34F}.Debug|Any CPU.ActiveCfg = Debug|Any CPU
		{283DBB54-DFE8-43C4-A95E-752B20F0E34F}.Debug|Any CPU.Build.0 = Debug|Any CPU
		{283DBB54-DFE8-43C4-A95E-752B20F0E34F}.Release|Any CPU.ActiveCfg = Release|Any CPU
		{283DBB54-DFE8-43C4-A95E-752B20F0E34F}.Release|Any CPU.Build.0 = Release|Any CPU
	EndGlobalSection
	GlobalSection(SolutionProperties) = preSolution
		HideSolutionNode = FALSE
	EndGlobalSection
	GlobalSection(ExtensibilityGlobals) = postSolution
		SolutionGuid = {7BEF9C97-5ADB-42A7-B60F-C3656FABED42}
	EndGlobalSection
EndGlobal
